
Microsoft Visual Studio Solution File, Format Version 12.00
# Visual Studio Version 17
VisualStudioVersion = 17.4.33213.308
MinimumVisualStudioVersion = 10.0.40219.1
Project("{2150E333-8FDC-42A3-9474-1A3956D46DE8}") = "Solution Items", "Solution Items", "{36548673-0E2D-4DFE-BB53-A7DB37C273C8}"
	ProjectSection(SolutionItems) = preProject
		history.txt = history.txt
	EndProjectSection
EndProject
Project("{2150E333-8FDC-42A3-9474-1A3956D46DE8}") = "01.Core", "01.Core", "{E643A486-6F09-4B8D-A991-4390DB5FFF7B}"
EndProject
Project("{2150E333-8FDC-42A3-9474-1A3956D46DE8}") = "05.Controls", "05.Controls", "{CCDA077A-CBFE-448E-8842-DB5FF063FA05}"
EndProject
Project("{2150E333-8FDC-42A3-9474-1A3956D46DE8}") = "09.App", "09.App", "{4855DCBB-7284-4DF7-8613-212D1B89C851}"
EndProject
Project("{2150E333-8FDC-42A3-9474-1A3956D46DE8}") = "Samples", "Samples", "{48FD7052-9B3E-4916-BB9C-7592B76C1500}"
EndProject
Project("{2150E333-8FDC-42A3-9474-1A3956D46DE8}") = "99.Tests", "99.Tests", "{9FBDFBFF-5CA4-4E3E-A395-6EBD90355727}"
EndProject
Project("{2150E333-8FDC-42A3-9474-1A3956D46DE8}") = "Documents", "Documents", "{50B9F879-6336-48EC-AB6D-A5C36C40605B}"
EndProject
Project("{2150E333-8FDC-42A3-9474-1A3956D46DE8}") = "LuckyTex Devices", "LuckyTex Devices", "{0A0F66D7-A020-4B80-B3CB-76C00FAD585F}"
EndProject
Project("{2150E333-8FDC-42A3-9474-1A3956D46DE8}") = "TFO1", "TFO1", "{750363DC-AAEE-4A0A-B677-581B0A073F92}"
	ProjectSection(SolutionItems) = preProject
		Documents\LuckyTex Devices\TFO1\76053.jpg = Documents\LuckyTex Devices\TFO1\76053.jpg
		Documents\LuckyTex Devices\TFO1\76059.jpg = Documents\LuckyTex Devices\TFO1\76059.jpg
		Documents\LuckyTex Devices\TFO1\80198.jpg = Documents\LuckyTex Devices\TFO1\80198.jpg
		Documents\LuckyTex Devices\TFO1\80199.jpg = Documents\LuckyTex Devices\TFO1\80199.jpg
		Documents\LuckyTex Devices\TFO1\80201.jpg = Documents\LuckyTex Devices\TFO1\80201.jpg
		Documents\LuckyTex Devices\TFO1\Serial_Log.txt = Documents\LuckyTex Devices\TFO1\Serial_Log.txt
		Documents\LuckyTex Devices\TFO1\Serial_Log1.txt = Documents\LuckyTex Devices\TFO1\Serial_Log1.txt
		Documents\LuckyTex Devices\TFO1\S__70369364.jpg = Documents\LuckyTex Devices\TFO1\S__70369364.jpg
		Documents\LuckyTex Devices\TFO1\S__70434999.jpg = Documents\LuckyTex Devices\TFO1\S__70434999.jpg
		Documents\LuckyTex Devices\TFO1\TFO.Weight.Attemp.01.txt = Documents\LuckyTex Devices\TFO1\TFO.Weight.Attemp.01.txt
		Documents\LuckyTex Devices\TFO1\TFO.Weight.Attemp.02.HEX.txt = Documents\LuckyTex Devices\TFO1\TFO.Weight.Attemp.02.HEX.txt
		Documents\LuckyTex Devices\TFO1\TFO.Weight.Attemp.02.HEX2.txt = Documents\LuckyTex Devices\TFO1\TFO.Weight.Attemp.02.HEX2.txt
		Documents\LuckyTex Devices\TFO1\TFO.Weight.Response.txt = Documents\LuckyTex Devices\TFO1\TFO.Weight.Response.txt
	EndProjectSection
EndProject
Project("{2150E333-8FDC-42A3-9474-1A3956D46DE8}") = "TFO3", "TFO3", "{DEA42806-3F1D-4029-A6A4-804F8DC7E7B5}"
	ProjectSection(SolutionItems) = preProject
		Documents\LuckyTex Devices\TFO3\80205.jpg = Documents\LuckyTex Devices\TFO3\80205.jpg
		Documents\LuckyTex Devices\TFO3\80206.jpg = Documents\LuckyTex Devices\TFO3\80206.jpg
		Documents\LuckyTex Devices\TFO3\messageImage_1676861119135.jpg = Documents\LuckyTex Devices\TFO3\messageImage_1676861119135.jpg
		Documents\LuckyTex Devices\TFO3\messageImage_1676861126196.jpg = Documents\LuckyTex Devices\TFO3\messageImage_1676861126196.jpg
		Documents\LuckyTex Devices\TFO3\Serial_Log FO3 HexText 2.txt = Documents\LuckyTex Devices\TFO3\Serial_Log FO3 HexText 2.txt
		Documents\LuckyTex Devices\TFO3\Serial_Log FO3 Text 2.txt = Documents\LuckyTex Devices\TFO3\Serial_Log FO3 Text 2.txt
		Documents\LuckyTex Devices\TFO3\Serial_Logfo3_hextext.txt = Documents\LuckyTex Devices\TFO3\Serial_Logfo3_hextext.txt
		Documents\LuckyTex Devices\TFO3\Serial_Logfo3_text.txt = Documents\LuckyTex Devices\TFO3\Serial_Logfo3_text.txt
	EndProjectSection
EndProject
Project("{2150E333-8FDC-42A3-9474-1A3956D46DE8}") = "PH Meter", "PH Meter", "{896D855D-323B-46A4-833C-8F22F9E1A5C2}"
	ProjectSection(SolutionItems) = preProject
		Documents\LuckyTex Devices\PH Meter\80385(1).jpg = Documents\LuckyTex Devices\PH Meter\80385(1).jpg
		Documents\LuckyTex Devices\PH Meter\80386.jpg = Documents\LuckyTex Devices\PH Meter\80386.jpg
		Documents\LuckyTex Devices\PH Meter\80389.jpg = Documents\LuckyTex Devices\PH Meter\80389.jpg
		Documents\LuckyTex Devices\PH Meter\LINE_ALBUM_Ph meter_230214_0.jpg = Documents\LuckyTex Devices\PH Meter\LINE_ALBUM_Ph meter_230214_0.jpg
		Documents\LuckyTex Devices\PH Meter\LINE_ALBUM_Ph meter_230214_1.jpg = Documents\LuckyTex Devices\PH Meter\LINE_ALBUM_Ph meter_230214_1.jpg
		Documents\LuckyTex Devices\PH Meter\Serial_Log PH.Attemp.1.txt = Documents\LuckyTex Devices\PH Meter\Serial_Log PH.Attemp.1.txt
		Documents\LuckyTex Devices\PH Meter\Serial_Log PH.txt = Documents\LuckyTex Devices\PH Meter\Serial_Log PH.txt
	EndProjectSection
EndProject
Project("{2150E333-8FDC-42A3-9474-1A3956D46DE8}") = "Weight QA", "Weight QA", "{3557A834-C987-4BA3-B914-2D3DCC33AC89}"
	ProjectSection(SolutionItems) = preProject
		Documents\LuckyTex Devices\WEIGHT QA\80337.jpg = Documents\LuckyTex Devices\WEIGHT QA\80337.jpg
		Documents\LuckyTex Devices\WEIGHT QA\80339.jpg = Documents\LuckyTex Devices\WEIGHT QA\80339.jpg
		Documents\LuckyTex Devices\WEIGHT QA\80344.jpg = Documents\LuckyTex Devices\WEIGHT QA\80344.jpg
		Documents\LuckyTex Devices\WEIGHT QA\80345.jpg = Documents\LuckyTex Devices\WEIGHT QA\80345.jpg
		Documents\LuckyTex Devices\WEIGHT QA\Serial_Log Weight QA.txt = Documents\LuckyTex Devices\WEIGHT QA\Serial_Log Weight QA.txt
	EndProjectSection
EndProject
Project("{2150E333-8FDC-42A3-9474-1A3956D46DE8}") = "Weight SPUN", "Weight SPUN", "{8727ABE7-44F8-43CA-922B-249D6223248A}"
	ProjectSection(SolutionItems) = preProject
		Documents\LuckyTex Devices\WEIGHT SPUN\51396f61-a182-42c2-a28e-255ac7f0acf5.mp4 = Documents\LuckyTex Devices\WEIGHT SPUN\51396f61-a182-42c2-a28e-255ac7f0acf5.mp4
		Documents\LuckyTex Devices\WEIGHT SPUN\Serial_Logspun.txt = Documents\LuckyTex Devices\WEIGHT SPUN\Serial_Logspun.txt
		Documents\LuckyTex Devices\WEIGHT SPUN\Serial_Logspuntext.txt = Documents\LuckyTex Devices\WEIGHT SPUN\Serial_Logspuntext.txt
	EndProjectSection
EndProject
Project("{2150E333-8FDC-42A3-9474-1A3956D46DE8}") = "00.NLib", "00.NLib", "{C88FEF56-E09F-42F5-9F98-8DF08463CA55}"
EndProject
Project("{FAE04EC0-301F-11D3-BF4B-00C04F79EFBC}") = "NLib", "00.NLib\NLib\NLib.csproj", "{41A9D6C0-C833-403F-9BC1-EECDC246A428}"
EndProject
Project("{FAE04EC0-301F-11D3-BF4B-00C04F79EFBC}") = "NLib.Serial.Devices", "01.Core\NLib.Serial.Devices\NLib.Serial.Devices.csproj", "{32FAE440-947B-4B8F-A710-2CB8887136D5}"
EndProject
Project("{FAE04EC0-301F-11D3-BF4B-00C04F79EFBC}") = "NLib.Serial.Emulator.App", "09.App\NLib.Serial.Emulator.App\NLib.Serial.Emulator.App.csproj", "{33E96A44-C1CC-4900-ABCC-0755C73F6A6D}"
EndProject
Project("{FAE04EC0-301F-11D3-BF4B-00C04F79EFBC}") = "NLib.Serial.Terminal.App", "09.App\NLib.Serial.Terminal.App\NLib.Serial.Terminal.App.csproj", "{45543D45-3584-4C63-BAC1-578177B132CB}"
EndProject
Project("{2150E333-8FDC-42A3-9474-1A3956D46DE8}") = "JIK6CAB", "JIK6CAB", "{D12D966E-B886-473E-86C6-DBE76C1619E0}"
	ProjectSection(SolutionItems) = preProject
		Documents\LuckyTex Devices\JIK6CAB\jik_hex_1.txt = Documents\LuckyTex Devices\JIK6CAB\jik_hex_1.txt
		Documents\LuckyTex Devices\JIK6CAB\jik_hex_2.txt = Documents\LuckyTex Devices\JIK6CAB\jik_hex_2.txt
		Documents\LuckyTex Devices\JIK6CAB\jik_txt_1.txt = Documents\LuckyTex Devices\JIK6CAB\jik_txt_1.txt
		Documents\LuckyTex Devices\JIK6CAB\jik_txt_2.txt = Documents\LuckyTex Devices\JIK6CAB\jik_txt_2.txt
	EndProjectSection
EndProject
Project("{2150E333-8FDC-42A3-9474-1A3956D46DE8}") = "DEFENDER3000", "DEFENDER3000", "{0D978359-41BC-4127-A95A-CF69704D115D}"
	ProjectSection(SolutionItems) = preProject
		Documents\LuckyTex Devices\DEFENDER3000\DEFENDER3000_hex.txt = Documents\LuckyTex Devices\DEFENDER3000\DEFENDER3000_hex.txt
		Documents\LuckyTex Devices\DEFENDER3000\DEFENDER3000_txt.txt = Documents\LuckyTex Devices\DEFENDER3000\DEFENDER3000_txt.txt
	EndProjectSection
EndProject
Project("{2150E333-8FDC-42A3-9474-1A3956D46DE8}") = "MS204TS00", "MS204TS00", "{059A6091-694E-478A-BAD7-C5F914C2A8CE}"
	ProjectSection(SolutionItems) = preProject
		Documents\LuckyTex Devices\MS204TS00\332318.jpg = Documents\LuckyTex Devices\MS204TS00\332318.jpg
		Documents\LuckyTex Devices\MS204TS00\77698A3E-076D-4D41-82F0-1FECA45DB13E.jpg = Documents\LuckyTex Devices\MS204TS00\77698A3E-076D-4D41-82F0-1FECA45DB13E.jpg
		Documents\LuckyTex Devices\MS204TS00\Mettler Toledo (MS204TS00) -  NPT Mettler QDMS Hex.log = Documents\LuckyTex Devices\MS204TS00\Mettler Toledo (MS204TS00) -  NPT Mettler QDMS Hex.log
		Documents\LuckyTex Devices\MS204TS00\Mettler Toledo (MS204TS00) - NPT Mettler QDMS.log = Documents\LuckyTex Devices\MS204TS00\Mettler Toledo (MS204TS00) - NPT Mettler QDMS.log
	EndProjectSection
EndProject
Global
	GlobalSection(SolutionConfigurationPlatforms) = preSolution
		Debug|Any CPU = Debug|Any CPU
		Release|Any CPU = Release|Any CPU
	EndGlobalSection
	GlobalSection(ProjectConfigurationPlatforms) = postSolution
		{41A9D6C0-C833-403F-9BC1-EECDC246A428}.Debug|Any CPU.ActiveCfg = Debug|Any CPU
		{41A9D6C0-C833-403F-9BC1-EECDC246A428}.Debug|Any CPU.Build.0 = Debug|Any CPU
		{41A9D6C0-C833-403F-9BC1-EECDC246A428}.Release|Any CPU.ActiveCfg = Release|Any CPU
		{41A9D6C0-C833-403F-9BC1-EECDC246A428}.Release|Any CPU.Build.0 = Release|Any CPU
		{32FAE440-947B-4B8F-A710-2CB8887136D5}.Debug|Any CPU.ActiveCfg = Debug|Any CPU
		{32FAE440-947B-4B8F-A710-2CB8887136D5}.Debug|Any CPU.Build.0 = Debug|Any CPU
		{32FAE440-947B-4B8F-A710-2CB8887136D5}.Release|Any CPU.ActiveCfg = Release|Any CPU
		{32FAE440-947B-4B8F-A710-2CB8887136D5}.Release|Any CPU.Build.0 = Release|Any CPU
		{33E96A44-C1CC-4900-ABCC-0755C73F6A6D}.Debug|Any CPU.ActiveCfg = Debug|Any CPU
		{33E96A44-C1CC-4900-ABCC-0755C73F6A6D}.Debug|Any CPU.Build.0 = Debug|Any CPU
		{33E96A44-C1CC-4900-ABCC-0755C73F6A6D}.Release|Any CPU.ActiveCfg = Release|Any CPU
		{33E96A44-C1CC-4900-ABCC-0755C73F6A6D}.Release|Any CPU.Build.0 = Release|Any CPU
		{45543D45-3584-4C63-BAC1-578177B132CB}.Debug|Any CPU.ActiveCfg = Debug|Any CPU
		{45543D45-3584-4C63-BAC1-578177B132CB}.Debug|Any CPU.Build.0 = Debug|Any CPU
		{45543D45-3584-4C63-BAC1-578177B132CB}.Release|Any CPU.ActiveCfg = Release|Any CPU
		{45543D45-3584-4C63-BAC1-578177B132CB}.Release|Any CPU.Build.0 = Release|Any CPU
	EndGlobalSection
	GlobalSection(SolutionProperties) = preSolution
		HideSolutionNode = FALSE
	EndGlobalSection
	GlobalSection(NestedProjects) = preSolution
		{0A0F66D7-A020-4B80-B3CB-76C00FAD585F} = {50B9F879-6336-48EC-AB6D-A5C36C40605B}
		{750363DC-AAEE-4A0A-B677-581B0A073F92} = {0A0F66D7-A020-4B80-B3CB-76C00FAD585F}
		{DEA42806-3F1D-4029-A6A4-804F8DC7E7B5} = {0A0F66D7-A020-4B80-B3CB-76C00FAD585F}
		{896D855D-323B-46A4-833C-8F22F9E1A5C2} = {0A0F66D7-A020-4B80-B3CB-76C00FAD585F}
		{3557A834-C987-4BA3-B914-2D3DCC33AC89} = {0A0F66D7-A020-4B80-B3CB-76C00FAD585F}
		{8727ABE7-44F8-43CA-922B-249D6223248A} = {0A0F66D7-A020-4B80-B3CB-76C00FAD585F}
		{41A9D6C0-C833-403F-9BC1-EECDC246A428} = {C88FEF56-E09F-42F5-9F98-8DF08463CA55}
		{32FAE440-947B-4B8F-A710-2CB8887136D5} = {E643A486-6F09-4B8D-A991-4390DB5FFF7B}
		{33E96A44-C1CC-4900-ABCC-0755C73F6A6D} = {4855DCBB-7284-4DF7-8613-212D1B89C851}
		{45543D45-3584-4C63-BAC1-578177B132CB} = {4855DCBB-7284-4DF7-8613-212D1B89C851}
		{D12D966E-B886-473E-86C6-DBE76C1619E0} = {0A0F66D7-A020-4B80-B3CB-76C00FAD585F}
		{0D978359-41BC-4127-A95A-CF69704D115D} = {0A0F66D7-A020-4B80-B3CB-76C00FAD585F}
		{059A6091-694E-478A-BAD7-C5F914C2A8CE} = {0A0F66D7-A020-4B80-B3CB-76C00FAD585F}
	EndGlobalSection
	GlobalSection(ExtensibilityGlobals) = postSolution
		SolutionGuid = {67BF2D4F-392C-4F79-880A-76F500348A09}
	EndGlobalSection
EndGlobal
